
Microsoft Visual Studio Solution File, Format Version 12.00
# Visual Studio Version 17
VisualStudioVersion = 17.0.32112.339
MinimumVisualStudioVersion = 10.0.40219.1
Project("{9A19103F-16F7-4668-BE54-9A1E7A4F7556}") = "Exercice1", "Exercice1\Exercice1.csproj", "{2DB6B12F-4B4A-4D7E-B47F-31A877497F68}"
EndProject
Project("{9A19103F-16F7-4668-BE54-9A1E7A4F7556}") = "Exercice2", "Exercice2\Exercice2.csproj", "{883F7EE0-A641-43C9-AC1C-FA07F9AE746C}"
EndProject
Project("{9A19103F-16F7-4668-BE54-9A1E7A4F7556}") = "Exercice3", "Exercice3\Exercice3.csproj", "{D10736E4-9D1E-4452-9A0D-3E4EB2C6366C}"
EndProject
Project("{9A19103F-16F7-4668-BE54-9A1E7A4F7556}") = "Exercice4", "Exercice4\Exercice4.csproj", "{44422ED8-7D9E-4CDA-8DF0-D236AB0961BB}"
EndProject
Project("{FAE04EC0-301F-11D3-BF4B-00C04F79EFBC}") = "SOAP_init", "SOAP_init\SOAP_init.csproj", "{5E39E5CF-91B3-44C1-830C-E38C736120C5}"
EndProject
Global
	GlobalSection(SolutionConfigurationPlatforms) = preSolution
		Debug|Any CPU = Debug|Any CPU
		Release|Any CPU = Release|Any CPU
	EndGlobalSection
	GlobalSection(ProjectConfigurationPlatforms) = postSolution
		{2DB6B12F-4B4A-4D7E-B47F-31A877497F68}.Debug|Any CPU.ActiveCfg = Debug|Any CPU
		{2DB6B12F-4B4A-4D7E-B47F-31A877497F68}.Debug|Any CPU.Build.0 = Debug|Any CPU
		{2DB6B12F-4B4A-4D7E-B47F-31A877497F68}.Release|Any CPU.ActiveCfg = Release|Any CPU
		{2DB6B12F-4B4A-4D7E-B47F-31A877497F68}.Release|Any CPU.Build.0 = Release|Any CPU
		{883F7EE0-A641-43C9-AC1C-FA07F9AE746C}.Debug|Any CPU.ActiveCfg = Debug|Any CPU
		{883F7EE0-A641-43C9-AC1C-FA07F9AE746C}.Debug|Any CPU.Build.0 = Debug|Any CPU
		{883F7EE0-A641-43C9-AC1C-FA07F9AE746C}.Release|Any CPU.ActiveCfg = Release|Any CPU
		{883F7EE0-A641-43C9-AC1C-FA07F9AE746C}.Release|Any CPU.Build.0 = Release|Any CPU
		{D10736E4-9D1E-4452-9A0D-3E4EB2C6366C}.Debug|Any CPU.ActiveCfg = Debug|Any CPU
		{D10736E4-9D1E-4452-9A0D-3E4EB2C6366C}.Debug|Any CPU.Build.0 = Debug|Any CPU
		{D10736E4-9D1E-4452-9A0D-3E4EB2C6366C}.Release|Any CPU.ActiveCfg = Release|Any CPU
		{D10736E4-9D1E-4452-9A0D-3E4EB2C6366C}.Release|Any CPU.Build.0 = Release|Any CPU
		{44422ED8-7D9E-4CDA-8DF0-D236AB0961BB}.Debug|Any CPU.ActiveCfg = Debug|Any CPU
		{44422ED8-7D9E-4CDA-8DF0-D236AB0961BB}.Debug|Any CPU.Build.0 = Debug|Any CPU
		{44422ED8-7D9E-4CDA-8DF0-D236AB0961BB}.Release|Any CPU.ActiveCfg = Release|Any CPU
		{44422ED8-7D9E-4CDA-8DF0-D236AB0961BB}.Release|Any CPU.Build.0 = Release|Any CPU
		{5E39E5CF-91B3-44C1-830C-E38C736120C5}.Debug|Any CPU.ActiveCfg = Debug|Any CPU
		{5E39E5CF-91B3-44C1-830C-E38C736120C5}.Debug|Any CPU.Build.0 = Debug|Any CPU
		{5E39E5CF-91B3-44C1-830C-E38C736120C5}.Release|Any CPU.ActiveCfg = Release|Any CPU
		{5E39E5CF-91B3-44C1-830C-E38C736120C5}.Release|Any CPU.Build.0 = Release|Any CPU
	EndGlobalSection
	GlobalSection(SolutionProperties) = preSolution
		HideSolutionNode = FALSE
	EndGlobalSection
	GlobalSection(ExtensibilityGlobals) = postSolution
		SolutionGuid = {E8DA9BB6-2E7E-4A3F-9BA1-6E9A28DBED2F}
	EndGlobalSection
EndGlobal
